{
  "originHash" : "f10170399ad734e62cd2491e4be16da71086624e545460b451d421a84a943bd4",
  "pins" : [
    {
      "identity" : "chesskit-swift",
      "kind" : "remoteSourceControl",
      "location" : "https://github.com/chesskit-app/chesskit-swift",
      "state" : {
        "revision" : "44ef7a1aa9da25bf0a9606a8960591a4dde3fad2",
        "version" : "0.17.0"
      }
    }
  ],
  "version" : 3
}
